
Microsoft Visual Studio Solution File, Format Version 12.00
# Visual Studio 2012
Project("{8BC9CEB8-8B4A-11D0-8D11-00A0C91BC942}") = "GameOfLife", "GameOfLife\GameOfLife.vcxproj", "{65DA0413-4BD0-4B97-BCD8-D49E2A7E89BF}"
EndProject
Global
	GlobalSection(SolutionConfigurationPlatforms) = preSolution
		Debug|Win32 = Debug|Win32
		Release|Win32 = Release|Win32
	EndGlobalSection
	GlobalSection(ProjectConfigurationPlatforms) = postSolution
		{65DA0413-4BD0-4B97-BCD8-D49E2A7E89BF}.Debug|Win32.ActiveCfg = Debug|Win32
		{65DA0413-4BD0-4B97-BCD8-D49E2A7E89BF}.Debug|Win32.Build.0 = Debug|Win32
		{65DA0413-4BD0-4B97-BCD8-D49E2A7E89BF}.Release|Win32.ActiveCfg = Release|Win32
		{65DA0413-4BD0-4B97-BCD8-D49E2A7E89BF}.Release|Win32.Build.0 = Release|Win32
	EndGlobalSection
	GlobalSection(SolutionProperties) = preSolution
		HideSolutionNode = FALSE
	EndGlobalSection
EndGlobal
